<?xml version="1.0" encoding="utf-8"?>
<Project ToolsVersion="4.0" xmlns="http://schemas.microsoft.com/developer/msbuild/2003">
  <ItemGroup>
    <ClCompile Include="stdafx.cpp" />
    <ClCompile Include="Log.cpp">
      <Filter>Debug</Filter>
    </ClCompile>
    <ClCompile Include="WindowSystemWin32.cpp">
      <Filter>Platform\Window</Filter>
    </ClCompile>
    <ClCompile Include="InputSystemWin32.cpp">
      <Filter>Platform\Input</Filter>
    </ClCompile>
    <ClCompile Include="KeyboardWin32.cpp">
      <Filter>Platform\Input</Filter>
    </ClCompile>
    <ClCompile Include="MouseWin32.cpp">
      <Filter>Platform\Input</Filter>
    </ClCompile>
    <ClCompile Include="LogSystem.cpp">
      <Filter>Debug</Filter>
    </ClCompile>
    <ClCompile Include="EngineApp.cpp">
      <Filter>Engine</Filter>
    </ClCompile>
    <ClCompile Include="RenderSystem.cpp">
      <Filter>RHI</Filter>
    </ClCompile>
    <ClCompile Include="oRenderCoreD3D12.cpp">
      <Filter>RHI\Direct3D12\old</Filter>
    </ClCompile>
    <ClCompile Include="oRHIBackendD3D12.cpp">
      <Filter>RHI\Direct3D12\old</Filter>
    </ClCompile>
    <ClCompile Include="oCommandContextD3D12.cpp">
      <Filter>RHI\Direct3D12\old</Filter>
    </ClCompile>
    <ClCompile Include="oCommandQueueD3D12.cpp">
      <Filter>RHI\Direct3D12\old</Filter>
    </ClCompile>
    <ClCompile Include="oDescriptorHeapD3D12.cpp">
      <Filter>RHI\Direct3D12\old</Filter>
    </ClCompile>
    <ClCompile Include="RHIResourcesD3D12.cpp">
      <Filter>RHI\Direct3D12</Filter>
    </ClCompile>
    <ClCompile Include="RHIBackendD3D12.cpp">
      <Filter>RHI\Direct3D12</Filter>
    </ClCompile>
    <ClCompile Include="RHICoreD3D12.cpp">
      <Filter>RHI\Direct3D12</Filter>
    </ClCompile>
    <ClCompile Include="HighResolutionTimer.cpp">
      <Filter>Platform\Timer</Filter>
    </ClCompile>
    <ClCompile Include="RHIFrameworlkD3D12.cpp">
      <Filter>RHI\Direct3D12</Filter>
    </ClCompile>
    <ClCompile Include="CommandAllocatorPoolD3D12.cpp">
      <Filter>RHI\Direct3D12\System\CommandSystem</Filter>
    </ClCompile>
    <ClCompile Include="CommandQueueD3D12.cpp">
      <Filter>RHI\Direct3D12\System\CommandSystem</Filter>
    </ClCompile>
    <ClCompile Include="CommandListManagerD3D12.cpp">
      <Filter>RHI\Direct3D12\System\CommandSystem</Filter>
    </ClCompile>
    <ClCompile Include="DeviceD3D12.cpp">
      <Filter>RHI\Direct3D12\Low</Filter>
    </ClCompile>
    <ClCompile Include="ContextD3D12.cpp">
      <Filter>RHI\Direct3D12\Low</Filter>
    </ClCompile>
  </ItemGroup>
  <ItemGroup>
    <ClInclude Include="stdafx.h" />
    <ClInclude Include="BaseHeader.h">
      <Filter>Base</Filter>
    </ClInclude>
    <ClInclude Include="EngineConfigMacros.h">
      <Filter>Base</Filter>
    </ClInclude>
    <ClInclude Include="Log.h">
      <Filter>Debug</Filter>
    </ClInclude>
    <ClInclude Include="WindowSystem.h">
      <Filter>Platform\Window</Filter>
    </ClInclude>
    <ClInclude Include="WindowData.h">
      <Filter>Platform\Window</Filter>
    </ClInclude>
    <ClInclude Include="InputSystem.h">
      <Filter>Platform\Input</Filter>
    </ClInclude>
    <ClInclude Include="Keyboard.h">
      <Filter>Platform\Input</Filter>
    </ClInclude>
    <ClInclude Include="Mouse.h">
      <Filter>Platform\Input</Filter>
    </ClInclude>
    <ClInclude Include="PrivateHeader.h">
      <Filter>Base</Filter>
    </ClInclude>
    <ClInclude Include="LogSystem.h">
      <Filter>Debug</Filter>
    </ClInclude>
    <ClInclude Include="InputCore.h">
      <Filter>Platform\Input</Filter>
    </ClInclude>
    <ClInclude Include="WindowCore.h">
      <Filter>Platform\Window</Filter>
    </ClInclude>
    <ClInclude Include="EngineApp.h">
      <Filter>Engine</Filter>
    </ClInclude>
    <ClInclude Include="RenderSystem.h">
      <Filter>RHI</Filter>
    </ClInclude>
    <ClInclude Include="RenderCore.h">
      <Filter>RHI</Filter>
    </ClInclude>
    <ClInclude Include="oRenderCoreD3D12.h">
      <Filter>RHI\Direct3D12\old</Filter>
    </ClInclude>
    <ClInclude Include="oRHIBackendD3D12.h">
      <Filter>RHI\Direct3D12\old</Filter>
    </ClInclude>
    <ClInclude Include="oCommandContextD3D12.h">
      <Filter>RHI\Direct3D12\old</Filter>
    </ClInclude>
    <ClInclude Include="oCommandQueueD3D12.h">
      <Filter>RHI\Direct3D12\old</Filter>
    </ClInclude>
    <ClInclude Include="oDescriptorHeapD3D12.h">
      <Filter>RHI\Direct3D12\old</Filter>
    </ClInclude>
    <ClInclude Include="RHIResourcesD3D12.h">
      <Filter>RHI\Direct3D12</Filter>
    </ClInclude>
    <ClInclude Include="RHIBackendD3D12.h">
      <Filter>RHI\Direct3D12</Filter>
    </ClInclude>
    <ClInclude Include="RHICoreD3D12.h">
      <Filter>RHI\Direct3D12</Filter>
    </ClInclude>
    <ClInclude Include="BaseMacros.h">
      <Filter>Base</Filter>
    </ClInclude>
    <ClInclude Include="HighResolutionTimer.h">
      <Filter>Platform\Timer</Filter>
    </ClInclude>
    <ClInclude Include="RHIFrameworlkD3D12.h">
      <Filter>RHI\Direct3D12</Filter>
    </ClInclude>
    <ClInclude Include="CommandAllocatorPoolD3D12.h">
      <Filter>RHI\Direct3D12\System\CommandSystem</Filter>
    </ClInclude>
    <ClInclude Include="CommandQueueD3D12.h">
      <Filter>RHI\Direct3D12\System\CommandSystem</Filter>
    </ClInclude>
    <ClInclude Include="CommandListManagerD3D12.h">
      <Filter>RHI\Direct3D12\System\CommandSystem</Filter>
    </ClInclude>
    <ClInclude Include="DeviceD3D12.h">
      <Filter>RHI\Direct3D12\Low</Filter>
    </ClInclude>
    <ClInclude Include="ContextD3D12.h">
      <Filter>RHI\Direct3D12\Low</Filter>
    </ClInclude>
  </ItemGroup>
  <ItemGroup>
    <Filter Include="Base">
      <UniqueIdentifier>{0fcbaae2-c47b-4520-99f2-e03c1f479a79}</UniqueIdentifier>
    </Filter>
    <Filter Include="Debug">
      <UniqueIdentifier>{ad5de62e-9405-455d-a2b2-54beb1ee35ca}</UniqueIdentifier>
    </Filter>
    <Filter Include="Platform">
      <UniqueIdentifier>{b2ac903d-f470-46fe-ac41-77470e852e2f}</UniqueIdentifier>
    </Filter>
    <Filter Include="Debug\Private">
      <UniqueIdentifier>{6d8569a5-8ef6-4476-ba23-9171340261de}</UniqueIdentifier>
    </Filter>
    <Filter Include="Platform\Input">
      <UniqueIdentifier>{5e9deedb-e0fb-4c9d-8d39-9b79bed38b18}</UniqueIdentifier>
    </Filter>
    <Filter Include="Platform\Window">
      <UniqueIdentifier>{9c9c3c74-2b53-4db5-9668-e0be9a684f41}</UniqueIdentifier>
    </Filter>
    <Filter Include="Engine">
      <UniqueIdentifier>{6a3f0d72-b67f-4ca4-8466-6c7af739280b}</UniqueIdentifier>
    </Filter>
    <Filter Include="RHI">
      <UniqueIdentifier>{1e2ef046-6711-4358-bb4b-a61dc53171dd}</UniqueIdentifier>
    </Filter>
    <Filter Include="RHI\Direct3D12">
      <UniqueIdentifier>{b585dfd2-fcb5-4be9-9bcf-d128c5b4859b}</UniqueIdentifier>
    </Filter>
    <Filter Include="RHI\Direct3D12\old">
      <UniqueIdentifier>{92dc392e-35cd-401d-82fd-47a14b99f3db}</UniqueIdentifier>
    </Filter>
    <Filter Include="Platform\Timer">
      <UniqueIdentifier>{a9ee12a0-ebab-42e5-b324-0ff3abcb6193}</UniqueIdentifier>
    </Filter>
    <Filter Include="RHI\Direct3D12\System">
      <UniqueIdentifier>{e6314090-fa37-48f7-9e49-128a3a23036d}</UniqueIdentifier>
    </Filter>
    <Filter Include="RHI\Direct3D12\System\CommandSystem">
      <UniqueIdentifier>{ac92582d-a135-44a6-8070-156b2eaf1c91}</UniqueIdentifier>
    </Filter>
    <Filter Include="RHI\Direct3D12\Low">
      <UniqueIdentifier>{5bd4f3c0-522e-4b74-92ef-e69dbbabd555}</UniqueIdentifier>
    </Filter>
  </ItemGroup>
  <ItemGroup>
    <None Include="packages.config" />
  </ItemGroup>
</Project>